
Microsoft Visual Studio Solution File, Format Version 12.00
# Visual Studio Version 16
VisualStudioVersion = 16.0.32002.261
MinimumVisualStudioVersion = 10.0.40219.1
Project("{FAE04EC0-301F-11D3-BF4B-00C04F79EFBC}") = "WebApiProjekti", "WebApiProjekti\WebApiProjekti.csproj", "{62547289-49A7-48BF-A502-EA53FE66F1E7}"
EndProject
Global
	GlobalSection(SolutionConfigurationPlatforms) = preSolution
		Debug|Any CPU = Debug|Any CPU
		Release|Any CPU = Release|Any CPU
	EndGlobalSection
	GlobalSection(ProjectConfigurationPlatforms) = postSolution
		{62547289-49A7-48BF-A502-EA53FE66F1E7}.Debug|Any CPU.ActiveCfg = Debug|Any CPU
		{62547289-49A7-48BF-A502-EA53FE66F1E7}.Debug|Any CPU.Build.0 = Debug|Any CPU
		{62547289-49A7-48BF-A502-EA53FE66F1E7}.Release|Any CPU.ActiveCfg = Release|Any CPU
		{62547289-49A7-48BF-A502-EA53FE66F1E7}.Release|Any CPU.Build.0 = Release|Any CPU
	EndGlobalSection
	GlobalSection(SolutionProperties) = preSolution
		HideSolutionNode = FALSE
	EndGlobalSection
	GlobalSection(ExtensibilityGlobals) = postSolution
		SolutionGuid = {3F7E25D0-E892-4247-A731-501ECBA581F9}
	EndGlobalSection
EndGlobal
